// !$*UTF8*$!
{
	archiveVersion = 1;
	classes = {
	};
	objectVersion = 51;
	objects = {

/* Begin PBXBuildFile section */
		D5BA83C0C221C2D3F47A6AB6 /* Pods_TJSympTrack.framework in Frameworks */ = {isa = PBXBuildFile; fileRef = 82ADDAAA5EE24D9FF11D86F3 /* Pods_TJSympTrack.framework */; };
		E40C1A01249412F900FD8EBF /* TableViewLoadingAnimation.swift in Sources */ = {isa = PBXBuildFile; fileRef = E40C1A00249412F900FD8EBF /* TableViewLoadingAnimation.swift */; };
		E40C1A0324943DDE00FD8EBF /* tableViewHeaderLabel.swift in Sources */ = {isa = PBXBuildFile; fileRef = E40C1A0224943DDE00FD8EBF /* tableViewHeaderLabel.swift */; };
		E413D08924870A2A00BE2E09 /* LoadFoodDataFromGoogle.swift in Sources */ = {isa = PBXBuildFile; fileRef = E413D08824870A2A00BE2E09 /* LoadFoodDataFromGoogle.swift */; };
		E413D08B24870AB200BE2E09 /* LoadMealDataFromGoogle.swift in Sources */ = {isa = PBXBuildFile; fileRef = E413D08A24870AB200BE2E09 /* LoadMealDataFromGoogle.swift */; };
		E41E8C82246B202F0026B389 /* Alerts.swift in Sources */ = {isa = PBXBuildFile; fileRef = E41E8C81246B202F0026B389 /* Alerts.swift */; };
		E470120A2481A0E10011D040 /* UILabelExtensionSetFont.swift in Sources */ = {isa = PBXBuildFile; fileRef = E47012092481A0E10011D040 /* UILabelExtensionSetFont.swift */; };
		E486D1A324474A0100358D35 /* AppDelegate.swift in Sources */ = {isa = PBXBuildFile; fileRef = E486D1A224474A0100358D35 /* AppDelegate.swift */; };
		E486D1A524474A0100358D35 /* SceneDelegate.swift in Sources */ = {isa = PBXBuildFile; fileRef = E486D1A424474A0100358D35 /* SceneDelegate.swift */; };
		E486D1AA24474A0100358D35 /* Main.storyboard in Resources */ = {isa = PBXBuildFile; fileRef = E486D1A824474A0100358D35 /* Main.storyboard */; };
		E486D1AD24474A0100358D35 /* DataModel.xcdatamodeld in Sources */ = {isa = PBXBuildFile; fileRef = E486D1AB24474A0100358D35 /* DataModel.xcdatamodeld */; };
		E486D1AF24474A0100358D35 /* Assets.xcassets in Resources */ = {isa = PBXBuildFile; fileRef = E486D1AE24474A0100358D35 /* Assets.xcassets */; };
		E486D1B224474A0100358D35 /* LaunchScreen.storyboard in Resources */ = {isa = PBXBuildFile; fileRef = E486D1B024474A0100358D35 /* LaunchScreen.storyboard */; };
		E4877D2624475DA400BC249B /* GoogleService-Info.plist in Resources */ = {isa = PBXBuildFile; fileRef = E4877D2524475DA400BC249B /* GoogleService-Info.plist */; };
		E4877D2B24476D7A00BC249B /* FoodManager.swift in Sources */ = {isa = PBXBuildFile; fileRef = E4877D2A24476D7A00BC249B /* FoodManager.swift */; };
		E4877D2D24476DAB00BC249B /* GoogleDataManager.swift in Sources */ = {isa = PBXBuildFile; fileRef = E4877D2C24476DAB00BC249B /* GoogleDataManager.swift */; };
		E4877D2F24476DD000BC249B /* FoodData.swift in Sources */ = {isa = PBXBuildFile; fileRef = E4877D2E24476DD000BC249B /* FoodData.swift */; };
		E4877D3124476E0900BC249B /* TJSymptomsBrain.swift in Sources */ = {isa = PBXBuildFile; fileRef = E4877D3024476E0900BC249B /* TJSymptomsBrain.swift */; };
		E4877D3324476E2E00BC249B /* SelfSizedTableView.swift in Sources */ = {isa = PBXBuildFile; fileRef = E4877D3224476E2E00BC249B /* SelfSizedTableView.swift */; };
		E4877D3524476E4D00BC249B /* SelectedSymptomData.swift in Sources */ = {isa = PBXBuildFile; fileRef = E4877D3424476E4D00BC249B /* SelectedSymptomData.swift */; };
		E4877D382447720900BC249B /* Constants.swift in Sources */ = {isa = PBXBuildFile; fileRef = E4877D372447720900BC249B /* Constants.swift */; };
		E4877D3B24477C0F00BC249B /* SymptomCell.swift in Sources */ = {isa = PBXBuildFile; fileRef = E4877D3924477C0F00BC249B /* SymptomCell.swift */; };
		E4877D3C24477C0F00BC249B /* SymptomCell.xib in Resources */ = {isa = PBXBuildFile; fileRef = E4877D3A24477C0F00BC249B /* SymptomCell.xib */; };
		E4877D3F24477C2800BC249B /* FoodCell.swift in Sources */ = {isa = PBXBuildFile; fileRef = E4877D3D24477C2800BC249B /* FoodCell.swift */; };
		E4877D4024477C2800BC249B /* FoodCell.xib in Resources */ = {isa = PBXBuildFile; fileRef = E4877D3E24477C2800BC249B /* FoodCell.xib */; };
		E4877D4424477F1D00BC249B /* AddSymptomsViewController.swift in Sources */ = {isa = PBXBuildFile; fileRef = E4877D4324477F1D00BC249B /* AddSymptomsViewController.swift */; };
		E4877D4624477F4C00BC249B /* SelectedSymptoms.swift in Sources */ = {isa = PBXBuildFile; fileRef = E4877D4524477F4C00BC249B /* SelectedSymptoms.swift */; };
		E4877D4824477F7200BC249B /* AddFoodViewController.swift in Sources */ = {isa = PBXBuildFile; fileRef = E4877D4724477F7200BC249B /* AddFoodViewController.swift */; };
		E4877D4A24477F9400BC249B /* CompleteEntryViewController.swift in Sources */ = {isa = PBXBuildFile; fileRef = E4877D4924477F9400BC249B /* CompleteEntryViewController.swift */; };
		E4877D4C2447802600BC249B /* CalendarViewController.swift in Sources */ = {isa = PBXBuildFile; fileRef = E4877D4B2447802600BC249B /* CalendarViewController.swift */; };
		E4877D4E2447805300BC249B /* ViewEntryViewController.swift in Sources */ = {isa = PBXBuildFile; fileRef = E4877D4D2447805300BC249B /* ViewEntryViewController.swift */; };
		E4877D502447807900BC249B /* PieChartViewController.swift in Sources */ = {isa = PBXBuildFile; fileRef = E4877D4F2447807900BC249B /* PieChartViewController.swift */; };
		E4B2D268246D9B2300DA4E0C /* EmptyViewTableview.swift in Sources */ = {isa = PBXBuildFile; fileRef = E4B2D267246D9B2300DA4E0C /* EmptyViewTableview.swift */; };
		E4CE059E246E32C2008A62CB /* UIBUttonExtensionSetAlpha.swift in Sources */ = {isa = PBXBuildFile; fileRef = E4CE059D246E32C2008A62CB /* UIBUttonExtensionSetAlpha.swift */; };
		E4D6777D2454662500C20308 /* UIImageResizeExtension.swift in Sources */ = {isa = PBXBuildFile; fileRef = E4D6777C2454662400C20308 /* UIImageResizeExtension.swift */; };
		E4EFC8C62459FA6A003BB382 /* AnalyticsViewController.swift in Sources */ = {isa = PBXBuildFile; fileRef = E4EFC8C52459FA6A003BB382 /* AnalyticsViewController.swift */; };
		E4F35D8F246B65C600455E8C /* TabBarController.swift in Sources */ = {isa = PBXBuildFile; fileRef = E4F35D8E246B65C600455E8C /* TabBarController.swift */; };
/* End PBXBuildFile section */

/* Begin PBXFileReference section */
		184659C72DB6E75288F3AB1A /* Pods-TJSympTrack.debug.xcconfig */ = {isa = PBXFileReference; includeInIndex = 1; lastKnownFileType = text.xcconfig; name = "Pods-TJSympTrack.debug.xcconfig"; path = "Target Support Files/Pods-TJSympTrack/Pods-TJSympTrack.debug.xcconfig"; sourceTree = "<group>"; };
		82ADDAAA5EE24D9FF11D86F3 /* Pods_TJSympTrack.framework */ = {isa = PBXFileReference; explicitFileType = wrapper.framework; includeInIndex = 0; path = Pods_TJSympTrack.framework; sourceTree = BUILT_PRODUCTS_DIR; };
		9F9FA9A860688BDF1B30FBEA /* Pods-TJSympTrack.release.xcconfig */ = {isa = PBXFileReference; includeInIndex = 1; lastKnownFileType = text.xcconfig; name = "Pods-TJSympTrack.release.xcconfig"; path = "Target Support Files/Pods-TJSympTrack/Pods-TJSympTrack.release.xcconfig"; sourceTree = "<group>"; };
		E40C1A00249412F900FD8EBF /* TableViewLoadingAnimation.swift */ = {isa = PBXFileReference; lastKnownFileType = sourcecode.swift; path = TableViewLoadingAnimation.swift; sourceTree = "<group>"; };
		E40C1A0224943DDE00FD8EBF /* tableViewHeaderLabel.swift */ = {isa = PBXFileReference; lastKnownFileType = sourcecode.swift; path = tableViewHeaderLabel.swift; sourceTree = "<group>"; };
		E413D08824870A2A00BE2E09 /* LoadFoodDataFromGoogle.swift */ = {isa = PBXFileReference; lastKnownFileType = sourcecode.swift; path = LoadFoodDataFromGoogle.swift; sourceTree = "<group>"; };
		E413D08A24870AB200BE2E09 /* LoadMealDataFromGoogle.swift */ = {isa = PBXFileReference; lastKnownFileType = sourcecode.swift; path = LoadMealDataFromGoogle.swift; sourceTree = "<group>"; };
		E41E8C81246B202F0026B389 /* Alerts.swift */ = {isa = PBXFileReference; lastKnownFileType = sourcecode.swift; path = Alerts.swift; sourceTree = "<group>"; };
		E47012092481A0E10011D040 /* UILabelExtensionSetFont.swift */ = {isa = PBXFileReference; lastKnownFileType = sourcecode.swift; path = UILabelExtensionSetFont.swift; sourceTree = "<group>"; };
		E486D19F24474A0100358D35 /* TJSympTrack.app */ = {isa = PBXFileReference; explicitFileType = wrapper.application; includeInIndex = 0; path = TJSympTrack.app; sourceTree = BUILT_PRODUCTS_DIR; };
		E486D1A224474A0100358D35 /* AppDelegate.swift */ = {isa = PBXFileReference; lastKnownFileType = sourcecode.swift; path = AppDelegate.swift; sourceTree = "<group>"; };
		E486D1A424474A0100358D35 /* SceneDelegate.swift */ = {isa = PBXFileReference; lastKnownFileType = sourcecode.swift; path = SceneDelegate.swift; sourceTree = "<group>"; };
		E486D1A924474A0100358D35 /* Base */ = {isa = PBXFileReference; lastKnownFileType = file.storyboard; name = Base; path = Base.lproj/Main.storyboard; sourceTree = "<group>"; };
		E486D1AC24474A0100358D35 /* TJSympTrack.xcdatamodel */ = {isa = PBXFileReference; lastKnownFileType = wrapper.xcdatamodel; path = TJSympTrack.xcdatamodel; sourceTree = "<group>"; };
		E486D1AE24474A0100358D35 /* Assets.xcassets */ = {isa = PBXFileReference; lastKnownFileType = folder.assetcatalog; path = Assets.xcassets; sourceTree = "<group>"; };
		E486D1B124474A0100358D35 /* Base */ = {isa = PBXFileReference; lastKnownFileType = file.storyboard; name = Base; path = Base.lproj/LaunchScreen.storyboard; sourceTree = "<group>"; };
		E486D1B324474A0100358D35 /* Info.plist */ = {isa = PBXFileReference; lastKnownFileType = text.plist.xml; path = Info.plist; sourceTree = "<group>"; };
		E4877D2524475DA400BC249B /* GoogleService-Info.plist */ = {isa = PBXFileReference; fileEncoding = 4; lastKnownFileType = text.plist.xml; path = "GoogleService-Info.plist"; sourceTree = "<group>"; };
		E4877D2A24476D7A00BC249B /* FoodManager.swift */ = {isa = PBXFileReference; lastKnownFileType = sourcecode.swift; path = FoodManager.swift; sourceTree = "<group>"; };
		E4877D2C24476DAB00BC249B /* GoogleDataManager.swift */ = {isa = PBXFileReference; lastKnownFileType = sourcecode.swift; path = GoogleDataManager.swift; sourceTree = "<group>"; };
		E4877D2E24476DD000BC249B /* FoodData.swift */ = {isa = PBXFileReference; lastKnownFileType = sourcecode.swift; path = FoodData.swift; sourceTree = "<group>"; };
		E4877D3024476E0900BC249B /* TJSymptomsBrain.swift */ = {isa = PBXFileReference; lastKnownFileType = sourcecode.swift; path = TJSymptomsBrain.swift; sourceTree = "<group>"; };
		E4877D3224476E2E00BC249B /* SelfSizedTableView.swift */ = {isa = PBXFileReference; lastKnownFileType = sourcecode.swift; path = SelfSizedTableView.swift; sourceTree = "<group>"; };
		E4877D3424476E4D00BC249B /* SelectedSymptomData.swift */ = {isa = PBXFileReference; lastKnownFileType = sourcecode.swift; path = SelectedSymptomData.swift; sourceTree = "<group>"; };
		E4877D372447720900BC249B /* Constants.swift */ = {isa = PBXFileReference; lastKnownFileType = sourcecode.swift; path = Constants.swift; sourceTree = "<group>"; };
		E4877D3924477C0F00BC249B /* SymptomCell.swift */ = {isa = PBXFileReference; lastKnownFileType = sourcecode.swift; path = SymptomCell.swift; sourceTree = "<group>"; };
		E4877D3A24477C0F00BC249B /* SymptomCell.xib */ = {isa = PBXFileReference; lastKnownFileType = file.xib; path = SymptomCell.xib; sourceTree = "<group>"; };
		E4877D3D24477C2800BC249B /* FoodCell.swift */ = {isa = PBXFileReference; lastKnownFileType = sourcecode.swift; path = FoodCell.swift; sourceTree = "<group>"; };
		E4877D3E24477C2800BC249B /* FoodCell.xib */ = {isa = PBXFileReference; lastKnownFileType = file.xib; path = FoodCell.xib; sourceTree = "<group>"; };
		E4877D4324477F1D00BC249B /* AddSymptomsViewController.swift */ = {isa = PBXFileReference; lastKnownFileType = sourcecode.swift; path = AddSymptomsViewController.swift; sourceTree = "<group>"; };
		E4877D4524477F4C00BC249B /* SelectedSymptoms.swift */ = {isa = PBXFileReference; lastKnownFileType = sourcecode.swift; path = SelectedSymptoms.swift; sourceTree = "<group>"; };
		E4877D4724477F7200BC249B /* AddFoodViewController.swift */ = {isa = PBXFileReference; lastKnownFileType = sourcecode.swift; path = AddFoodViewController.swift; sourceTree = "<group>"; };
		E4877D4924477F9400BC249B /* CompleteEntryViewController.swift */ = {isa = PBXFileReference; lastKnownFileType = sourcecode.swift; path = CompleteEntryViewController.swift; sourceTree = "<group>"; };
		E4877D4B2447802600BC249B /* CalendarViewController.swift */ = {isa = PBXFileReference; lastKnownFileType = sourcecode.swift; path = CalendarViewController.swift; sourceTree = "<group>"; };
		E4877D4D2447805300BC249B /* ViewEntryViewController.swift */ = {isa = PBXFileReference; lastKnownFileType = sourcecode.swift; path = ViewEntryViewController.swift; sourceTree = "<group>"; };
		E4877D4F2447807900BC249B /* PieChartViewController.swift */ = {isa = PBXFileReference; lastKnownFileType = sourcecode.swift; path = PieChartViewController.swift; sourceTree = "<group>"; };
		E4B2D267246D9B2300DA4E0C /* EmptyViewTableview.swift */ = {isa = PBXFileReference; lastKnownFileType = sourcecode.swift; path = EmptyViewTableview.swift; sourceTree = "<group>"; };
		E4CE059D246E32C2008A62CB /* UIBUttonExtensionSetAlpha.swift */ = {isa = PBXFileReference; lastKnownFileType = sourcecode.swift; path = UIBUttonExtensionSetAlpha.swift; sourceTree = "<group>"; };
		E4D6777C2454662400C20308 /* UIImageResizeExtension.swift */ = {isa = PBXFileReference; lastKnownFileType = sourcecode.swift; path = UIImageResizeExtension.swift; sourceTree = "<group>"; };
		E4EFC8C52459FA6A003BB382 /* AnalyticsViewController.swift */ = {isa = PBXFileReference; lastKnownFileType = sourcecode.swift; path = AnalyticsViewController.swift; sourceTree = "<group>"; };
		E4F35D8E246B65C600455E8C /* TabBarController.swift */ = {isa = PBXFileReference; lastKnownFileType = sourcecode.swift; path = TabBarController.swift; sourceTree = "<group>"; };
/* End PBXFileReference section */

/* Begin PBXFrameworksBuildPhase section */
		E486D19C24474A0100358D35 /* Frameworks */ = {
			isa = PBXFrameworksBuildPhase;
			buildActionMask = 2147483647;
			files = (
				D5BA83C0C221C2D3F47A6AB6 /* Pods_TJSympTrack.framework in Frameworks */,
			);
			runOnlyForDeploymentPostprocessing = 0;
		};
/* End PBXFrameworksBuildPhase section */

/* Begin PBXGroup section */
		7FBEDA05D27849B1A488DED3 /* Pods */ = {
			isa = PBXGroup;
			children = (
				184659C72DB6E75288F3AB1A /* Pods-TJSympTrack.debug.xcconfig */,
				9F9FA9A860688BDF1B30FBEA /* Pods-TJSympTrack.release.xcconfig */,
			);
			path = Pods;
			sourceTree = "<group>";
		};
		D80DA8842B9E1CC7DB01B9BE /* Frameworks */ = {
			isa = PBXGroup;
			children = (
				82ADDAAA5EE24D9FF11D86F3 /* Pods_TJSympTrack.framework */,
			);
			name = Frameworks;
			sourceTree = "<group>";
		};
		E486D19624474A0100358D35 = {
			isa = PBXGroup;
			children = (
				E486D1A124474A0100358D35 /* TJSympTrack */,
				E486D1A024474A0100358D35 /* Products */,
				7FBEDA05D27849B1A488DED3 /* Pods */,
				D80DA8842B9E1CC7DB01B9BE /* Frameworks */,
			);
			sourceTree = "<group>";
		};
		E486D1A024474A0100358D35 /* Products */ = {
			isa = PBXGroup;
			children = (
				E486D19F24474A0100358D35 /* TJSympTrack.app */,
			);
			name = Products;
			sourceTree = "<group>";
		};
		E486D1A124474A0100358D35 /* TJSympTrack */ = {
			isa = PBXGroup;
			children = (
				E486D1A224474A0100358D35 /* AppDelegate.swift */,
				E486D1A424474A0100358D35 /* SceneDelegate.swift */,
				E4877D2724476D0E00BC249B /* Models */,
				E4877D2924476D4B00BC249B /* Controllers */,
				E4877D2824476D2200BC249B /* Views */,
				E4877D36244771EF00BC249B /* Supporting Files */,
				E486D1B324474A0100358D35 /* Info.plist */,
				E4877D2524475DA400BC249B /* GoogleService-Info.plist */,
			);
			path = TJSympTrack;
			sourceTree = "<group>";
		};
		E4877D2724476D0E00BC249B /* Models */ = {
			isa = PBXGroup;
			children = (
				E486D1AB24474A0100358D35 /* DataModel.xcdatamodeld */,
				E4877D2A24476D7A00BC249B /* FoodManager.swift */,
				E40C1A0224943DDE00FD8EBF /* tableViewHeaderLabel.swift */,
				E4877D2C24476DAB00BC249B /* GoogleDataManager.swift */,
				E413D08A24870AB200BE2E09 /* LoadMealDataFromGoogle.swift */,
				E413D08824870A2A00BE2E09 /* LoadFoodDataFromGoogle.swift */,
				E4877D2E24476DD000BC249B /* FoodData.swift */,
				E4877D3024476E0900BC249B /* TJSymptomsBrain.swift */,
				E4877D3224476E2E00BC249B /* SelfSizedTableView.swift */,
				E40C1A00249412F900FD8EBF /* TableViewLoadingAnimation.swift */,
				E4877D3424476E4D00BC249B /* SelectedSymptomData.swift */,
				E4B2D267246D9B2300DA4E0C /* EmptyViewTableview.swift */,
				E4CE059D246E32C2008A62CB /* UIBUttonExtensionSetAlpha.swift */,
				E47012092481A0E10011D040 /* UILabelExtensionSetFont.swift */,
				E4D6777C2454662400C20308 /* UIImageResizeExtension.swift */,
			);
			path = Models;
			sourceTree = "<group>";
		};
		E4877D2824476D2200BC249B /* Views */ = {
			isa = PBXGroup;
			children = (
				E486D1A824474A0100358D35 /* Main.storyboard */,
				E4877D3924477C0F00BC249B /* SymptomCell.swift */,
				E4877D3A24477C0F00BC249B /* SymptomCell.xib */,
				E4877D3D24477C2800BC249B /* FoodCell.swift */,
				E4877D3E24477C2800BC249B /* FoodCell.xib */,
			);
			path = Views;
			sourceTree = "<group>";
		};
		E4877D2924476D4B00BC249B /* Controllers */ = {
			isa = PBXGroup;
			children = (
				E4F35D8E246B65C600455E8C /* TabBarController.swift */,
				E498E5FA2461E0E000A46A7A /* Foods & Symptoms View Controllers */,
				E498E5F92461E0C600A46A7A /* Analytics View Controllers */,
				E498E5F82461E0A000A46A7A /* Historical Data View Controllers */,
			);
			path = Controllers;
			sourceTree = "<group>";
		};
		E4877D36244771EF00BC249B /* Supporting Files */ = {
			isa = PBXGroup;
			children = (
				E486D1B024474A0100358D35 /* LaunchScreen.storyboard */,
				E486D1AE24474A0100358D35 /* Assets.xcassets */,
				E4877D372447720900BC249B /* Constants.swift */,
				E41E8C81246B202F0026B389 /* Alerts.swift */,
			);
			path = "Supporting Files";
			sourceTree = "<group>";
		};
		E498E5F82461E0A000A46A7A /* Historical Data View Controllers */ = {
			isa = PBXGroup;
			children = (
				E4877D4B2447802600BC249B /* CalendarViewController.swift */,
				E4877D4D2447805300BC249B /* ViewEntryViewController.swift */,
			);
			path = "Historical Data View Controllers";
			sourceTree = "<group>";
		};
		E498E5F92461E0C600A46A7A /* Analytics View Controllers */ = {
			isa = PBXGroup;
			children = (
				E4877D4F2447807900BC249B /* PieChartViewController.swift */,
				E4EFC8C52459FA6A003BB382 /* AnalyticsViewController.swift */,
			);
			path = "Analytics View Controllers";
			sourceTree = "<group>";
		};
		E498E5FA2461E0E000A46A7A /* Foods & Symptoms View Controllers */ = {
			isa = PBXGroup;
			children = (
				E4877D4524477F4C00BC249B /* SelectedSymptoms.swift */,
				E4877D4324477F1D00BC249B /* AddSymptomsViewController.swift */,
				E4877D4724477F7200BC249B /* AddFoodViewController.swift */,
				E4877D4924477F9400BC249B /* CompleteEntryViewController.swift */,
			);
			path = "Foods & Symptoms View Controllers";
			sourceTree = "<group>";
		};
/* End PBXGroup section */

/* Begin PBXNativeTarget section */
		E486D19E24474A0100358D35 /* TJSympTrack */ = {
			isa = PBXNativeTarget;
			buildConfigurationList = E486D1B624474A0100358D35 /* Build configuration list for PBXNativeTarget "TJSympTrack" */;
			buildPhases = (
				F7E7212861599504FEFF2D7E /* [CP] Check Pods Manifest.lock */,
				E486D19B24474A0100358D35 /* Sources */,
				E486D19C24474A0100358D35 /* Frameworks */,
				E486D19D24474A0100358D35 /* Resources */,
				BF9967575FC706F1D7C9582F /* [CP] Embed Pods Frameworks */,
			);
			buildRules = (
			);
			dependencies = (
			);
			name = TJSympTrack;
			productName = TJSympTrack;
			productReference = E486D19F24474A0100358D35 /* TJSympTrack.app */;
			productType = "com.apple.product-type.application";
		};
/* End PBXNativeTarget section */

/* Begin PBXProject section */
		E486D19724474A0100358D35 /* Project object */ = {
			isa = PBXProject;
			attributes = {
				LastSwiftUpdateCheck = 1130;
				LastUpgradeCheck = 1130;
				ORGANIZATIONNAME = "Theo Goodman";
				TargetAttributes = {
					E486D19E24474A0100358D35 = {
						CreatedOnToolsVersion = 11.3.1;
					};
				};
			};
			buildConfigurationList = E486D19A24474A0100358D35 /* Build configuration list for PBXProject "TJSympTrack" */;
			compatibilityVersion = "Xcode 9.3";
			developmentRegion = en;
			hasScannedForEncodings = 0;
			knownRegions = (
				en,
				Base,
			);
			mainGroup = E486D19624474A0100358D35;
			productRefGroup = E486D1A024474A0100358D35 /* Products */;
			projectDirPath = "";
			projectRoot = "";
			targets = (
				E486D19E24474A0100358D35 /* TJSympTrack */,
			);
		};
/* End PBXProject section */

/* Begin PBXResourcesBuildPhase section */
		E486D19D24474A0100358D35 /* Resources */ = {
			isa = PBXResourcesBuildPhase;
			buildActionMask = 2147483647;
			files = (
				E486D1B224474A0100358D35 /* LaunchScreen.storyboard in Resources */,
				E4877D3C24477C0F00BC249B /* SymptomCell.xib in Resources */,
				E4877D2624475DA400BC249B /* GoogleService-Info.plist in Resources */,
				E4877D4024477C2800BC249B /* FoodCell.xib in Resources */,
				E486D1AF24474A0100358D35 /* Assets.xcassets in Resources */,
				E486D1AA24474A0100358D35 /* Main.storyboard in Resources */,
			);
			runOnlyForDeploymentPostprocessing = 0;
		};
/* End PBXResourcesBuildPhase section */

/* Begin PBXShellScriptBuildPhase section */
		BF9967575FC706F1D7C9582F /* [CP] Embed Pods Frameworks */ = {
			isa = PBXShellScriptBuildPhase;
			buildActionMask = 2147483647;
			files = (
			);
			inputFileListPaths = (
				"${PODS_ROOT}/Target Support Files/Pods-TJSympTrack/Pods-TJSympTrack-frameworks-${CONFIGURATION}-input-files.xcfilelist",
			);
			name = "[CP] Embed Pods Frameworks";
			outputFileListPaths = (
				"${PODS_ROOT}/Target Support Files/Pods-TJSympTrack/Pods-TJSympTrack-frameworks-${CONFIGURATION}-output-files.xcfilelist",
			);
			runOnlyForDeploymentPostprocessing = 0;
			shellPath = /bin/sh;
			shellScript = "\"${PODS_ROOT}/Target Support Files/Pods-TJSympTrack/Pods-TJSympTrack-frameworks.sh\"\n";
			showEnvVarsInLog = 0;
		};
		F7E7212861599504FEFF2D7E /* [CP] Check Pods Manifest.lock */ = {
			isa = PBXShellScriptBuildPhase;
			buildActionMask = 2147483647;
			files = (
			);
			inputFileListPaths = (
			);
			inputPaths = (
				"${PODS_PODFILE_DIR_PATH}/Podfile.lock",
				"${PODS_ROOT}/Manifest.lock",
			);
			name = "[CP] Check Pods Manifest.lock";
			outputFileListPaths = (
			);
			outputPaths = (
				"$(DERIVED_FILE_DIR)/Pods-TJSympTrack-checkManifestLockResult.txt",
			);
			runOnlyForDeploymentPostprocessing = 0;
			shellPath = /bin/sh;
			shellScript = "diff \"${PODS_PODFILE_DIR_PATH}/Podfile.lock\" \"${PODS_ROOT}/Manifest.lock\" > /dev/null\nif [ $? != 0 ] ; then\n    # print error to STDERR\n    echo \"error: The sandbox is not in sync with the Podfile.lock. Run 'pod install' or update your CocoaPods installation.\" >&2\n    exit 1\nfi\n# This output is used by Xcode 'outputs' to avoid re-running this script phase.\necho \"SUCCESS\" > \"${SCRIPT_OUTPUT_FILE_0}\"\n";
			showEnvVarsInLog = 0;
		};
/* End PBXShellScriptBuildPhase section */

/* Begin PBXSourcesBuildPhase section */
		E486D19B24474A0100358D35 /* Sources */ = {
			isa = PBXSourcesBuildPhase;
			buildActionMask = 2147483647;
			files = (
				E4877D4A24477F9400BC249B /* CompleteEntryViewController.swift in Sources */,
				E413D08B24870AB200BE2E09 /* LoadMealDataFromGoogle.swift in Sources */,
				E4877D2F24476DD000BC249B /* FoodData.swift in Sources */,
				E4877D382447720900BC249B /* Constants.swift in Sources */,
				E4D6777D2454662500C20308 /* UIImageResizeExtension.swift in Sources */,
				E4877D2D24476DAB00BC249B /* GoogleDataManager.swift in Sources */,
				E4877D3524476E4D00BC249B /* SelectedSymptomData.swift in Sources */,
				E4877D4424477F1D00BC249B /* AddSymptomsViewController.swift in Sources */,
				E4877D4C2447802600BC249B /* CalendarViewController.swift in Sources */,
				E4877D502447807900BC249B /* PieChartViewController.swift in Sources */,
				E40C1A01249412F900FD8EBF /* TableViewLoadingAnimation.swift in Sources */,
				E4877D4E2447805300BC249B /* ViewEntryViewController.swift in Sources */,
				E41E8C82246B202F0026B389 /* Alerts.swift in Sources */,
				E4877D3F24477C2800BC249B /* FoodCell.swift in Sources */,
				E4877D4624477F4C00BC249B /* SelectedSymptoms.swift in Sources */,
				E413D08924870A2A00BE2E09 /* LoadFoodDataFromGoogle.swift in Sources */,
				E470120A2481A0E10011D040 /* UILabelExtensionSetFont.swift in Sources */,
				E4877D3324476E2E00BC249B /* SelfSizedTableView.swift in Sources */,
				E4877D3B24477C0F00BC249B /* SymptomCell.swift in Sources */,
				E4CE059E246E32C2008A62CB /* UIBUttonExtensionSetAlpha.swift in Sources */,
				E486D1AD24474A0100358D35 /* DataModel.xcdatamodeld in Sources */,
				E40C1A0324943DDE00FD8EBF /* tableViewHeaderLabel.swift in Sources */,
				E4877D2B24476D7A00BC249B /* FoodManager.swift in Sources */,
				E4F35D8F246B65C600455E8C /* TabBarController.swift in Sources */,
				E4B2D268246D9B2300DA4E0C /* EmptyViewTableview.swift in Sources */,
				E486D1A324474A0100358D35 /* AppDelegate.swift in Sources */,
				E4877D3124476E0900BC249B /* TJSymptomsBrain.swift in Sources */,
				E4EFC8C62459FA6A003BB382 /* AnalyticsViewController.swift in Sources */,
				E4877D4824477F7200BC249B /* AddFoodViewController.swift in Sources */,
				E486D1A524474A0100358D35 /* SceneDelegate.swift in Sources */,
			);
			runOnlyForDeploymentPostprocessing = 0;
		};
/* End PBXSourcesBuildPhase section */

/* Begin PBXVariantGroup section */
		E486D1A824474A0100358D35 /* Main.storyboard */ = {
			isa = PBXVariantGroup;
			children = (
				E486D1A924474A0100358D35 /* Base */,
			);
			name = Main.storyboard;
			sourceTree = "<group>";
		};
		E486D1B024474A0100358D35 /* LaunchScreen.storyboard */ = {
			isa = PBXVariantGroup;
			children = (
				E486D1B124474A0100358D35 /* Base */,
			);
			name = LaunchScreen.storyboard;
			sourceTree = "<group>";
		};
/* End PBXVariantGroup section */

/* Begin XCBuildConfiguration section */
		E486D1B424474A0100358D35 /* Debug */ = {
			isa = XCBuildConfiguration;
			buildSettings = {
				ALWAYS_SEARCH_USER_PATHS = NO;
				CLANG_ANALYZER_NONNULL = YES;
				CLANG_ANALYZER_NUMBER_OBJECT_CONVERSION = YES_AGGRESSIVE;
				CLANG_CXX_LANGUAGE_STANDARD = "gnu++14";
				CLANG_CXX_LIBRARY = "libc++";
				CLANG_ENABLE_MODULES = YES;
				CLANG_ENABLE_OBJC_ARC = YES;
				CLANG_ENABLE_OBJC_WEAK = YES;
				CLANG_WARN_BLOCK_CAPTURE_AUTORELEASING = YES;
				CLANG_WARN_BOOL_CONVERSION = YES;
				CLANG_WARN_COMMA = YES;
				CLANG_WARN_CONSTANT_CONVERSION = YES;
				CLANG_WARN_DEPRECATED_OBJC_IMPLEMENTATIONS = YES;
				CLANG_WARN_DIRECT_OBJC_ISA_USAGE = YES_ERROR;
				CLANG_WARN_DOCUMENTATION_COMMENTS = YES;
				CLANG_WARN_EMPTY_BODY = YES;
				CLANG_WARN_ENUM_CONVERSION = YES;
				CLANG_WARN_INFINITE_RECURSION = YES;
				CLANG_WARN_INT_CONVERSION = YES;
				CLANG_WARN_NON_LITERAL_NULL_CONVERSION = YES;
				CLANG_WARN_OBJC_IMPLICIT_RETAIN_SELF = YES;
				CLANG_WARN_OBJC_LITERAL_CONVERSION = YES;
				CLANG_WARN_OBJC_ROOT_CLASS = YES_ERROR;
				CLANG_WARN_RANGE_LOOP_ANALYSIS = YES;
				CLANG_WARN_STRICT_PROTOTYPES = YES;
				CLANG_WARN_SUSPICIOUS_MOVE = YES;
				CLANG_WARN_UNGUARDED_AVAILABILITY = YES_AGGRESSIVE;
				CLANG_WARN_UNREACHABLE_CODE = YES;
				CLANG_WARN__DUPLICATE_METHOD_MATCH = YES;
				COPY_PHASE_STRIP = NO;
				DEBUG_INFORMATION_FORMAT = dwarf;
				ENABLE_STRICT_OBJC_MSGSEND = YES;
				ENABLE_TESTABILITY = YES;
				GCC_C_LANGUAGE_STANDARD = gnu11;
				GCC_DYNAMIC_NO_PIC = NO;
				GCC_NO_COMMON_BLOCKS = YES;
				GCC_OPTIMIZATION_LEVEL = 0;
				GCC_PREPROCESSOR_DEFINITIONS = (
					"DEBUG=1",
					"$(inherited)",
				);
				GCC_WARN_64_TO_32_BIT_CONVERSION = YES;
				GCC_WARN_ABOUT_RETURN_TYPE = YES_ERROR;
				GCC_WARN_UNDECLARED_SELECTOR = YES;
				GCC_WARN_UNINITIALIZED_AUTOS = YES_AGGRESSIVE;
				GCC_WARN_UNUSED_FUNCTION = YES;
				GCC_WARN_UNUSED_VARIABLE = YES;
				IPHONEOS_DEPLOYMENT_TARGET = 13.0;
				MTL_ENABLE_DEBUG_INFO = INCLUDE_SOURCE;
				MTL_FAST_MATH = YES;
				ONLY_ACTIVE_ARCH = YES;
				SDKROOT = iphoneos;
				SWIFT_ACTIVE_COMPILATION_CONDITIONS = DEBUG;
				SWIFT_OPTIMIZATION_LEVEL = "-Onone";
			};
			name = Debug;
		};
		E486D1B524474A0100358D35 /* Release */ = {
			isa = XCBuildConfiguration;
			buildSettings = {
				ALWAYS_SEARCH_USER_PATHS = NO;
				CLANG_ANALYZER_NONNULL = YES;
				CLANG_ANALYZER_NUMBER_OBJECT_CONVERSION = YES_AGGRESSIVE;
				CLANG_CXX_LANGUAGE_STANDARD = "gnu++14";
				CLANG_CXX_LIBRARY = "libc++";
				CLANG_ENABLE_MODULES = YES;
				CLANG_ENABLE_OBJC_ARC = YES;
				CLANG_ENABLE_OBJC_WEAK = YES;
				CLANG_WARN_BLOCK_CAPTURE_AUTORELEASING = YES;
				CLANG_WARN_BOOL_CONVERSION = YES;
				CLANG_WARN_COMMA = YES;
				CLANG_WARN_CONSTANT_CONVERSION = YES;
				CLANG_WARN_DEPRECATED_OBJC_IMPLEMENTATIONS = YES;
				CLANG_WARN_DIRECT_OBJC_ISA_USAGE = YES_ERROR;
				CLANG_WARN_DOCUMENTATION_COMMENTS = YES;
				CLANG_WARN_EMPTY_BODY = YES;
				CLANG_WARN_ENUM_CONVERSION = YES;
				CLANG_WARN_INFINITE_RECURSION = YES;
				CLANG_WARN_INT_CONVERSION = YES;
				CLANG_WARN_NON_LITERAL_NULL_CONVERSION = YES;
				CLANG_WARN_OBJC_IMPLICIT_RETAIN_SELF = YES;
				CLANG_WARN_OBJC_LITERAL_CONVERSION = YES;
				CLANG_WARN_OBJC_ROOT_CLASS = YES_ERROR;
				CLANG_WARN_RANGE_LOOP_ANALYSIS = YES;
				CLANG_WARN_STRICT_PROTOTYPES = YES;
				CLANG_WARN_SUSPICIOUS_MOVE = YES;
				CLANG_WARN_UNGUARDED_AVAILABILITY = YES_AGGRESSIVE;
				CLANG_WARN_UNREACHABLE_CODE = YES;
				CLANG_WARN__DUPLICATE_METHOD_MATCH = YES;
				COPY_PHASE_STRIP = NO;
				DEBUG_INFORMATION_FORMAT = "dwarf-with-dsym";
				ENABLE_NS_ASSERTIONS = NO;
				ENABLE_STRICT_OBJC_MSGSEND = YES;
				GCC_C_LANGUAGE_STANDARD = gnu11;
				GCC_NO_COMMON_BLOCKS = YES;
				GCC_WARN_64_TO_32_BIT_CONVERSION = YES;
				GCC_WARN_ABOUT_RETURN_TYPE = YES_ERROR;
				GCC_WARN_UNDECLARED_SELECTOR = YES;
				GCC_WARN_UNINITIALIZED_AUTOS = YES_AGGRESSIVE;
				GCC_WARN_UNUSED_FUNCTION = YES;
				GCC_WARN_UNUSED_VARIABLE = YES;
				IPHONEOS_DEPLOYMENT_TARGET = 13.0;
				MTL_ENABLE_DEBUG_INFO = NO;
				MTL_FAST_MATH = YES;
				SDKROOT = iphoneos;
				SWIFT_COMPILATION_MODE = wholemodule;
				SWIFT_OPTIMIZATION_LEVEL = "-O";
				VALIDATE_PRODUCT = YES;
			};
			name = Release;
		};
		E486D1B724474A0100358D35 /* Debug */ = {
			isa = XCBuildConfiguration;
			baseConfigurationReference = 184659C72DB6E75288F3AB1A /* Pods-TJSympTrack.debug.xcconfig */;
			buildSettings = {
				ASSETCATALOG_COMPILER_APPICON_NAME = AppIcon;
				CODE_SIGN_STYLE = Automatic;
				DEVELOPMENT_TEAM = 78U3X38B3F;
				INFOPLIST_FILE = TJSympTrack/Info.plist;
				IPHONEOS_DEPLOYMENT_TARGET = 13.0;
				LD_RUNPATH_SEARCH_PATHS = (
					"$(inherited)",
					"@executable_path/Frameworks",
				);
				PRODUCT_BUNDLE_IDENTIFIER = com.hellogoodman.TJSympTrack;
				PRODUCT_NAME = "$(TARGET_NAME)";
				SWIFT_VERSION = 5.0;
				TARGETED_DEVICE_FAMILY = "1,2";
			};
			name = Debug;
		};
		E486D1B824474A0100358D35 /* Release */ = {
			isa = XCBuildConfiguration;
			baseConfigurationReference = 9F9FA9A860688BDF1B30FBEA /* Pods-TJSympTrack.release.xcconfig */;
			buildSettings = {
				ASSETCATALOG_COMPILER_APPICON_NAME = AppIcon;
				CODE_SIGN_STYLE = Automatic;
				DEVELOPMENT_TEAM = 78U3X38B3F;
				INFOPLIST_FILE = TJSympTrack/Info.plist;
				IPHONEOS_DEPLOYMENT_TARGET = 13.0;
				LD_RUNPATH_SEARCH_PATHS = (
					"$(inherited)",
					"@executable_path/Frameworks",
				);
				PRODUCT_BUNDLE_IDENTIFIER = com.hellogoodman.TJSympTrack;
				PRODUCT_NAME = "$(TARGET_NAME)";
				SWIFT_VERSION = 5.0;
				TARGETED_DEVICE_FAMILY = "1,2";
			};
			name = Release;
		};
/* End XCBuildConfiguration section */

/* Begin XCConfigurationList section */
		E486D19A24474A0100358D35 /* Build configuration list for PBXProject "TJSympTrack" */ = {
			isa = XCConfigurationList;
			buildConfigurations = (
				E486D1B424474A0100358D35 /* Debug */,
				E486D1B524474A0100358D35 /* Release */,
			);
			defaultConfigurationIsVisible = 0;
			defaultConfigurationName = Release;
		};
		E486D1B624474A0100358D35 /* Build configuration list for PBXNativeTarget "TJSympTrack" */ = {
			isa = XCConfigurationList;
			buildConfigurations = (
				E486D1B724474A0100358D35 /* Debug */,
				E486D1B824474A0100358D35 /* Release */,
			);
			defaultConfigurationIsVisible = 0;
			defaultConfigurationName = Release;
		};
/* End XCConfigurationList section */

/* Begin XCVersionGroup section */
		E486D1AB24474A0100358D35 /* DataModel.xcdatamodeld */ = {
			isa = XCVersionGroup;
			children = (
				E486D1AC24474A0100358D35 /* TJSympTrack.xcdatamodel */,
			);
			currentVersion = E486D1AC24474A0100358D35 /* TJSympTrack.xcdatamodel */;
			path = DataModel.xcdatamodeld;
			sourceTree = "<group>";
			versionGroupType = wrapper.xcdatamodel;
		};
/* End XCVersionGroup section */
	};
	rootObject = E486D19724474A0100358D35 /* Project object */;
}
